# THIS IS AN AUTOGENERATED FILE. DO NOT EDIT THIS FILE DIRECTLY.
# yarn lockfile v1


"editorjs-html@^3.4.2":
  "integrity" "sha512-Gy8FV4oHMvnPDXLsdpZYW0Dgjaagff9bPd28/WW9aFdy87FvktJxQz8H+NKpxiGcGoNY27MmjFffurK2yhXjEg=="
  "resolved" "https://registry.npmjs.org/editorjs-html/-/editorjs-html-3.4.2.tgz"
  "version" "3.4.2"
