# THIS IS AN AUTOGENERATED FILE. DO NOT EDIT THIS FILE DIRECTLY.
# yarn lockfile v1


"@codexteam/icons@0.1.0":
  version "0.1.0"
  resolved "https://registry.yarnpkg.com/@codexteam/icons/-/icons-0.1.0.tgz#a02885fe8699f69902d05b077b5f1cd48a2ca6b9"
  integrity sha512-jW1fWnwtWzcP4FBGsaodbJY3s1ZaRU+IJy1pvJ7ygNQxkQinybJcwXoyt0a5mWwu/4w30A42EWhCrZn8lp4fdw==

"@editorjs/editorjs@^2.26.4":
  version "2.26.4"
  resolved "https://registry.yarnpkg.com/@editorjs/editorjs/-/editorjs-2.26.4.tgz#097e29341501d81cd1721604a74da1530f5ff74f"
  integrity sha512-yuJ2NM1Y5+8DDNWr4C00tHMVHKy0uCqK1HS4pwFPVcXUawgJnU2Li2vKGvPLuf0Jj2ir7MVgADO6oC1TbYBOYQ==
  dependencies:
    "@codexteam/icons" "0.1.0"
    codex-notifier "^1.1.2"
    codex-tooltip "^1.0.5"
    html-janitor "^2.0.4"
    nanoid "^3.1.22"

codex-notifier@^1.1.2:
  version "1.1.2"
  resolved "https://registry.yarnpkg.com/codex-notifier/-/codex-notifier-1.1.2.tgz#a733079185f4c927fa296f1d71eb8753fe080895"
  integrity sha512-DCp6xe/LGueJ1N5sXEwcBc3r3PyVkEEDNWCVigfvywAkeXcZMk9K41a31tkEFBW0Ptlwji6/JlAb49E3Yrxbtg==

codex-tooltip@^1.0.5:
  version "1.0.5"
  resolved "https://registry.yarnpkg.com/codex-tooltip/-/codex-tooltip-1.0.5.tgz#ba25fd5b3a58ba2f73fd667c2b46987ffd1edef2"
  integrity sha512-IuA8LeyLU5p1B+HyhOsqR6oxyFQ11k3i9e9aXw40CrHFTRO2Y1npNBVU3W1SvhKAbUU7R/YikUBdcYFP0RcJag==

html-janitor@^2.0.4:
  version "2.0.4"
  resolved "https://registry.yarnpkg.com/html-janitor/-/html-janitor-2.0.4.tgz#ae5a115cdf3331cd5501edd7b5471b18ea44cdbb"
  integrity sha512-92J5h9jNZRk30PMHapjHEJfkrBWKCOy0bq3oW2pBungky6lzYSoboBGPMvxl1XRKB2q+kniQmsLsPbdpY7RM2g==

nanoid@^3.1.22:
  version "3.3.4"
  resolved "https://registry.yarnpkg.com/nanoid/-/nanoid-3.3.4.tgz#730b67e3cd09e2deacf03c027c81c9d9dbc5e8ab"
  integrity sha512-MqBkQh/OHTS2egovRtLk45wEyNXwF+cokD+1YPf9u5VfJiRdAiRwB2froX5Co9Rh20xs4siNPm8naNotSD6RBw==
